<Solution>
  <Project Path="BeeKingdom.World.csproj" />
  <Project Path="BeeKingdom.Gameplay.csproj" />
  <Project Path="Assembly-CSharp.csproj" />
  <Project Path="BeeKingdom.Colony.csproj" />
  <Project Path="BeeKingdom.Services.csproj" />
  <Project Path="BeeKingdom.Tests.csproj" />
  <Project Path="BeeKingdom.Hive.csproj" />
  <Project Path="Assembly-CSharp-Editor.csproj" />
  <Project Path="BeeKingdom.Data.csproj" />
  <Project Path="BeeKingdom.Config.csproj" />
  <Project Path="BeeKingdom.Core.csproj" />
  <Project Path="BeeKingdom.Economy.csproj" />
  <Project Path="BeeKingdom.Networking.csproj" />
  <Project Path="BeeKingdom.Editor.csproj" />
  <Project Path="BeeKingdom.Buildings.csproj" />
  <Project Path="BeeKingdom.Localization.csproj" />
  <Project Path="BeeKingdom.WorldMap.csproj" />
  <Project Path="BeeKingdom.Population.csproj" />
  <Project Path="BeeKingdom.UI.csproj" />
  <Project Path="BeeKingdom.Chambers.csproj" />
  <Project Path="BeeKingdom.AI.csproj" />
  <Project Path="BeeKingdom.QA.csproj" />
  <Project Path="BeeKingdom.Builders.csproj" />
  <Project Path="BeeKingdom.Save.csproj" />
  <Project Path="BeeKingdom.Combat.csproj" />
</Solution>
